
Microsoft Visual Studio Solution File, Format Version 12.00
# Visual Studio Version 16
VisualStudioVersion = 16.0.31515.178
MinimumVisualStudioVersion = 10.0.40219.1
Project("{FAE04EC0-301F-11D3-BF4B-00C04F79EFBC}") = "InputOutput", "InputOutput.csproj", "{FF482414-1877-46B8-887C-C538CDA31953}"
EndProject
Global
	GlobalSection(SolutionConfigurationPlatforms) = preSolution
		Debug|Any CPU = Debug|Any CPU
		Release|Any CPU = Release|Any CPU
	EndGlobalSection
	GlobalSection(ProjectConfigurationPlatforms) = postSolution
		{FF482414-1877-46B8-887C-C538CDA31953}.Debug|Any CPU.ActiveCfg = Debug|Any CPU
		{FF482414-1877-46B8-887C-C538CDA31953}.Debug|Any CPU.Build.0 = Debug|Any CPU
		{FF482414-1877-46B8-887C-C538CDA31953}.Release|Any CPU.ActiveCfg = Release|Any CPU
		{FF482414-1877-46B8-887C-C538CDA31953}.Release|Any CPU.Build.0 = Release|Any CPU
	EndGlobalSection
	GlobalSection(SolutionProperties) = preSolution
		HideSolutionNode = FALSE
	EndGlobalSection
	GlobalSection(ExtensibilityGlobals) = postSolution
		SolutionGuid = {81913425-E2C7-4BB7-A30D-6E4CD5CF20C3}
	EndGlobalSection
EndGlobal
